
Microsoft Visual Studio Solution File, Format Version 12.00
# Visual Studio 15
VisualStudioVersion = 15.0.27703.2026
MinimumVisualStudioVersion = 10.0.40219.1
Project("{8BC9CEB8-8B4A-11D0-8D11-00A0C91BC942}") = "d3d11CodeSet", "d3d11CodeSet\d3d11CodeSet.vcxproj", "{E13AB617-A350-4252-850E-0F6463AD8D17}"
EndProject
Project("{8BC9CEB8-8B4A-11D0-8D11-00A0C91BC942}") = "XMVECTOR", "Chapter 1 Vector Algebra\XMVECTOR\XMVECTOR.vcxproj", "{DADB6887-AAD1-48B8-BE2D-94D2C36681E9}"
EndProject
Project("{2150E333-8FDC-42A3-9474-1A3956D46DE8}") = "Chapter 1 Vector Algebra", "Chapter 1 Vector Algebra", "{3BFAD98E-0BDC-446F-8E94-59AFEAB4EE26}"
EndProject
Project("{2150E333-8FDC-42A3-9474-1A3956D46DE8}") = "Chapter 2 Matrix Algebra", "Chapter 2 Matrix Algebra", "{57ECAD25-4C41-413B-A990-A92025FD0539}"
EndProject
Project("{8BC9CEB8-8B4A-11D0-8D11-00A0C91BC942}") = "XMMATRIX", "Chapter 2 Matrix Algebra\XMMATRIX\XMMATRIX.vcxproj", "{39F307B8-5EA9-4DA2-A01C-BE7BCFB7D6C4}"
EndProject
Project("{2150E333-8FDC-42A3-9474-1A3956D46DE8}") = "Chapter 4 Direct3D Initialization", "Chapter 4 Direct3D Initialization", "{31F89327-442A-4A8A-90FE-144656FFCDC2}"
EndProject
Project("{8BC9CEB8-8B4A-11D0-8D11-00A0C91BC942}") = "Init Direct3D", "Chapter 4 Direct3D Initialization\Init Direct3D\Init Direct3D.vcxproj", "{415A387B-CAA1-453C-9C2F-EAAF8094859E}"
EndProject
Project("{2150E333-8FDC-42A3-9474-1A3956D46DE8}") = "Chapter 6 Drawing in Direct3D", "Chapter 6 Drawing in Direct3D", "{42D7A9D1-C70F-465D-BA4C-499C2B00253C}"
EndProject
Project("{8BC9CEB8-8B4A-11D0-8D11-00A0C91BC942}") = "Box", "Chapter 6 Drawing in Direct3D\Box\Box.vcxproj", "{E76DB861-9CF7-4CF2-A077-78AA9E5F5303}"
EndProject
Project("{2150E333-8FDC-42A3-9474-1A3956D46DE8}") = "Chapter 8 Texturing", "Chapter 8 Texturing", "{C3338E8B-9734-47AC-BCCB-CC3A90471B49}"
EndProject
Project("{8BC9CEB8-8B4A-11D0-8D11-00A0C91BC942}") = "Crate", "Chapter 8 Texturing\Crate\Crate.vcxproj", "{D450380B-CD03-456C-B874-4639827A617C}"
EndProject
Project("{8BC9CEB8-8B4A-11D0-8D11-00A0C91BC942}") = "Triangle", "Chapter 8 Texturing\Triangle\Triangle.vcxproj", "{0964A040-594D-4CDF-848A-4B23E013FBE4}"
EndProject
Project("{8BC9CEB8-8B4A-11D0-8D11-00A0C91BC942}") = "TexturedHillsAndWaves", "Chapter 8 Texturing\TexturedHillsAndWaves\TexturedHillsAndWaves.vcxproj", "{0AE036AA-0CBE-4323-90D0-6D6F366436C8}"
EndProject
Project("{8BC9CEB8-8B4A-11D0-8D11-00A0C91BC942}") = "Hills", "Chapter 6 Drawing in Direct3D\Hills\Hills.vcxproj", "{FC2B58DF-F226-4714-9798-299876818C65}"
EndProject
Project("{8BC9CEB8-8B4A-11D0-8D11-00A0C91BC942}") = "Shapes", "Chapter 6 Drawing in Direct3D\Shapes\Shapes.vcxproj", "{E981104E-9040-431C-823D-8E9EB680778D}"
EndProject
Project("{8BC9CEB8-8B4A-11D0-8D11-00A0C91BC942}") = "Skull", "Chapter 6 Drawing in Direct3D\Skull\Skull.vcxproj", "{CC5604E8-E75A-4BFF-8139-8F60C647E863}"
EndProject
Project("{8BC9CEB8-8B4A-11D0-8D11-00A0C91BC942}") = "Waves", "Chapter 6 Drawing in Direct3D\Waves\Waves.vcxproj", "{47C579B4-D2BA-4E3F-B091-11AD2E82A876}"
EndProject
Project("{2150E333-8FDC-42A3-9474-1A3956D46DE8}") = "Chapter 7 Lighting", "Chapter 7 Lighting", "{ECBEAAAD-B23D-4E58-AB5E-41A0A79DB693}"
EndProject
Project("{8BC9CEB8-8B4A-11D0-8D11-00A0C91BC942}") = "Lighting", "Chapter 7 Lighting\Lighting\Lighting.vcxproj", "{94683E2F-0DBB-4D07-8549-A0BC062DDE14}"
EndProject
Project("{8BC9CEB8-8B4A-11D0-8D11-00A0C91BC942}") = "LitSkull", "Chapter 7 Lighting\LitSkull\LitSkull.vcxproj", "{E3A486E2-6917-49A7-BD27-6E7E52C646E9}"
EndProject
Project("{2150E333-8FDC-42A3-9474-1A3956D46DE8}") = "Chapter 9 Blending", "Chapter 9 Blending", "{814E1BDD-FF58-4E10-AD8B-452227CB14DC}"
EndProject
Project("{8BC9CEB8-8B4A-11D0-8D11-00A0C91BC942}") = "BlendDemo", "Chapter 9 Blending\BlendDemo\BlendDemo.vcxproj", "{D2ED27AE-3961-4BB3-80F1-C997831181B7}"
EndProject
Global
	GlobalSection(SolutionConfigurationPlatforms) = preSolution
		Debug|x64 = Debug|x64
		Debug|x86 = Debug|x86
		Release|x64 = Release|x64
		Release|x86 = Release|x86
	EndGlobalSection
	GlobalSection(ProjectConfigurationPlatforms) = postSolution
		{E13AB617-A350-4252-850E-0F6463AD8D17}.Debug|x64.ActiveCfg = Debug|x64
		{E13AB617-A350-4252-850E-0F6463AD8D17}.Debug|x64.Build.0 = Debug|x64
		{E13AB617-A350-4252-850E-0F6463AD8D17}.Debug|x86.ActiveCfg = Debug|Win32
		{E13AB617-A350-4252-850E-0F6463AD8D17}.Debug|x86.Build.0 = Debug|Win32
		{E13AB617-A350-4252-850E-0F6463AD8D17}.Release|x64.ActiveCfg = Release|x64
		{E13AB617-A350-4252-850E-0F6463AD8D17}.Release|x64.Build.0 = Release|x64
		{E13AB617-A350-4252-850E-0F6463AD8D17}.Release|x86.ActiveCfg = Release|Win32
		{E13AB617-A350-4252-850E-0F6463AD8D17}.Release|x86.Build.0 = Release|Win32
		{DADB6887-AAD1-48B8-BE2D-94D2C36681E9}.Debug|x64.ActiveCfg = Debug|Win32
		{DADB6887-AAD1-48B8-BE2D-94D2C36681E9}.Debug|x86.ActiveCfg = Debug|Win32
		{DADB6887-AAD1-48B8-BE2D-94D2C36681E9}.Debug|x86.Build.0 = Debug|Win32
		{DADB6887-AAD1-48B8-BE2D-94D2C36681E9}.Release|x64.ActiveCfg = Release|Win32
		{DADB6887-AAD1-48B8-BE2D-94D2C36681E9}.Release|x86.ActiveCfg = Release|Win32
		{DADB6887-AAD1-48B8-BE2D-94D2C36681E9}.Release|x86.Build.0 = Release|Win32
		{39F307B8-5EA9-4DA2-A01C-BE7BCFB7D6C4}.Debug|x64.ActiveCfg = Debug|Win32
		{39F307B8-5EA9-4DA2-A01C-BE7BCFB7D6C4}.Debug|x86.ActiveCfg = Debug|Win32
		{39F307B8-5EA9-4DA2-A01C-BE7BCFB7D6C4}.Debug|x86.Build.0 = Debug|Win32
		{39F307B8-5EA9-4DA2-A01C-BE7BCFB7D6C4}.Release|x64.ActiveCfg = Release|Win32
		{39F307B8-5EA9-4DA2-A01C-BE7BCFB7D6C4}.Release|x86.ActiveCfg = Release|Win32
		{39F307B8-5EA9-4DA2-A01C-BE7BCFB7D6C4}.Release|x86.Build.0 = Release|Win32
		{415A387B-CAA1-453C-9C2F-EAAF8094859E}.Debug|x64.ActiveCfg = Debug|Win32
		{415A387B-CAA1-453C-9C2F-EAAF8094859E}.Debug|x86.ActiveCfg = Debug|Win32
		{415A387B-CAA1-453C-9C2F-EAAF8094859E}.Debug|x86.Build.0 = Debug|Win32
		{415A387B-CAA1-453C-9C2F-EAAF8094859E}.Release|x64.ActiveCfg = Release|Win32
		{415A387B-CAA1-453C-9C2F-EAAF8094859E}.Release|x86.ActiveCfg = Release|Win32
		{415A387B-CAA1-453C-9C2F-EAAF8094859E}.Release|x86.Build.0 = Release|Win32
		{E76DB861-9CF7-4CF2-A077-78AA9E5F5303}.Debug|x64.ActiveCfg = Debug|Win32
		{E76DB861-9CF7-4CF2-A077-78AA9E5F5303}.Debug|x86.ActiveCfg = Debug|Win32
		{E76DB861-9CF7-4CF2-A077-78AA9E5F5303}.Debug|x86.Build.0 = Debug|Win32
		{E76DB861-9CF7-4CF2-A077-78AA9E5F5303}.Release|x64.ActiveCfg = Release|Win32
		{E76DB861-9CF7-4CF2-A077-78AA9E5F5303}.Release|x86.ActiveCfg = Release|Win32
		{E76DB861-9CF7-4CF2-A077-78AA9E5F5303}.Release|x86.Build.0 = Release|Win32
		{D450380B-CD03-456C-B874-4639827A617C}.Debug|x64.ActiveCfg = Debug|Win32
		{D450380B-CD03-456C-B874-4639827A617C}.Debug|x86.ActiveCfg = Debug|Win32
		{D450380B-CD03-456C-B874-4639827A617C}.Debug|x86.Build.0 = Debug|Win32
		{D450380B-CD03-456C-B874-4639827A617C}.Release|x64.ActiveCfg = Release|Win32
		{D450380B-CD03-456C-B874-4639827A617C}.Release|x86.ActiveCfg = Release|Win32
		{D450380B-CD03-456C-B874-4639827A617C}.Release|x86.Build.0 = Release|Win32
		{0964A040-594D-4CDF-848A-4B23E013FBE4}.Debug|x64.ActiveCfg = Debug|x64
		{0964A040-594D-4CDF-848A-4B23E013FBE4}.Debug|x64.Build.0 = Debug|x64
		{0964A040-594D-4CDF-848A-4B23E013FBE4}.Debug|x86.ActiveCfg = Debug|Win32
		{0964A040-594D-4CDF-848A-4B23E013FBE4}.Debug|x86.Build.0 = Debug|Win32
		{0964A040-594D-4CDF-848A-4B23E013FBE4}.Release|x64.ActiveCfg = Release|x64
		{0964A040-594D-4CDF-848A-4B23E013FBE4}.Release|x64.Build.0 = Release|x64
		{0964A040-594D-4CDF-848A-4B23E013FBE4}.Release|x86.ActiveCfg = Release|Win32
		{0964A040-594D-4CDF-848A-4B23E013FBE4}.Release|x86.Build.0 = Release|Win32
		{0AE036AA-0CBE-4323-90D0-6D6F366436C8}.Debug|x64.ActiveCfg = Debug|Win32
		{0AE036AA-0CBE-4323-90D0-6D6F366436C8}.Debug|x86.ActiveCfg = Debug|Win32
		{0AE036AA-0CBE-4323-90D0-6D6F366436C8}.Debug|x86.Build.0 = Debug|Win32
		{0AE036AA-0CBE-4323-90D0-6D6F366436C8}.Release|x64.ActiveCfg = Release|Win32
		{0AE036AA-0CBE-4323-90D0-6D6F366436C8}.Release|x86.ActiveCfg = Release|Win32
		{0AE036AA-0CBE-4323-90D0-6D6F366436C8}.Release|x86.Build.0 = Release|Win32
		{FC2B58DF-F226-4714-9798-299876818C65}.Debug|x64.ActiveCfg = Debug|Win32
		{FC2B58DF-F226-4714-9798-299876818C65}.Debug|x86.ActiveCfg = Debug|Win32
		{FC2B58DF-F226-4714-9798-299876818C65}.Debug|x86.Build.0 = Debug|Win32
		{FC2B58DF-F226-4714-9798-299876818C65}.Release|x64.ActiveCfg = Release|Win32
		{FC2B58DF-F226-4714-9798-299876818C65}.Release|x86.ActiveCfg = Release|Win32
		{FC2B58DF-F226-4714-9798-299876818C65}.Release|x86.Build.0 = Release|Win32
		{E981104E-9040-431C-823D-8E9EB680778D}.Debug|x64.ActiveCfg = Debug|Win32
		{E981104E-9040-431C-823D-8E9EB680778D}.Debug|x86.ActiveCfg = Debug|Win32
		{E981104E-9040-431C-823D-8E9EB680778D}.Debug|x86.Build.0 = Debug|Win32
		{E981104E-9040-431C-823D-8E9EB680778D}.Release|x64.ActiveCfg = Release|Win32
		{E981104E-9040-431C-823D-8E9EB680778D}.Release|x86.ActiveCfg = Release|Win32
		{E981104E-9040-431C-823D-8E9EB680778D}.Release|x86.Build.0 = Release|Win32
		{CC5604E8-E75A-4BFF-8139-8F60C647E863}.Debug|x64.ActiveCfg = Debug|Win32
		{CC5604E8-E75A-4BFF-8139-8F60C647E863}.Debug|x86.ActiveCfg = Debug|Win32
		{CC5604E8-E75A-4BFF-8139-8F60C647E863}.Debug|x86.Build.0 = Debug|Win32
		{CC5604E8-E75A-4BFF-8139-8F60C647E863}.Release|x64.ActiveCfg = Release|Win32
		{CC5604E8-E75A-4BFF-8139-8F60C647E863}.Release|x86.ActiveCfg = Release|Win32
		{CC5604E8-E75A-4BFF-8139-8F60C647E863}.Release|x86.Build.0 = Release|Win32
		{47C579B4-D2BA-4E3F-B091-11AD2E82A876}.Debug|x64.ActiveCfg = Debug|Win32
		{47C579B4-D2BA-4E3F-B091-11AD2E82A876}.Debug|x86.ActiveCfg = Debug|Win32
		{47C579B4-D2BA-4E3F-B091-11AD2E82A876}.Debug|x86.Build.0 = Debug|Win32
		{47C579B4-D2BA-4E3F-B091-11AD2E82A876}.Release|x64.ActiveCfg = Release|Win32
		{47C579B4-D2BA-4E3F-B091-11AD2E82A876}.Release|x86.ActiveCfg = Release|Win32
		{47C579B4-D2BA-4E3F-B091-11AD2E82A876}.Release|x86.Build.0 = Release|Win32
		{94683E2F-0DBB-4D07-8549-A0BC062DDE14}.Debug|x64.ActiveCfg = Debug|Win32
		{94683E2F-0DBB-4D07-8549-A0BC062DDE14}.Debug|x86.ActiveCfg = Debug|Win32
		{94683E2F-0DBB-4D07-8549-A0BC062DDE14}.Debug|x86.Build.0 = Debug|Win32
		{94683E2F-0DBB-4D07-8549-A0BC062DDE14}.Release|x64.ActiveCfg = Release|Win32
		{94683E2F-0DBB-4D07-8549-A0BC062DDE14}.Release|x86.ActiveCfg = Release|Win32
		{94683E2F-0DBB-4D07-8549-A0BC062DDE14}.Release|x86.Build.0 = Release|Win32
		{E3A486E2-6917-49A7-BD27-6E7E52C646E9}.Debug|x64.ActiveCfg = Debug|Win32
		{E3A486E2-6917-49A7-BD27-6E7E52C646E9}.Debug|x86.ActiveCfg = Debug|Win32
		{E3A486E2-6917-49A7-BD27-6E7E52C646E9}.Debug|x86.Build.0 = Debug|Win32
		{E3A486E2-6917-49A7-BD27-6E7E52C646E9}.Release|x64.ActiveCfg = Release|Win32
		{E3A486E2-6917-49A7-BD27-6E7E52C646E9}.Release|x86.ActiveCfg = Release|Win32
		{E3A486E2-6917-49A7-BD27-6E7E52C646E9}.Release|x86.Build.0 = Release|Win32
		{D2ED27AE-3961-4BB3-80F1-C997831181B7}.Debug|x64.ActiveCfg = Debug|Win32
		{D2ED27AE-3961-4BB3-80F1-C997831181B7}.Debug|x86.ActiveCfg = Debug|Win32
		{D2ED27AE-3961-4BB3-80F1-C997831181B7}.Debug|x86.Build.0 = Debug|Win32
		{D2ED27AE-3961-4BB3-80F1-C997831181B7}.Release|x64.ActiveCfg = Release|Win32
		{D2ED27AE-3961-4BB3-80F1-C997831181B7}.Release|x86.ActiveCfg = Release|Win32
		{D2ED27AE-3961-4BB3-80F1-C997831181B7}.Release|x86.Build.0 = Release|Win32
	EndGlobalSection
	GlobalSection(SolutionProperties) = preSolution
		HideSolutionNode = FALSE
	EndGlobalSection
	GlobalSection(NestedProjects) = preSolution
		{DADB6887-AAD1-48B8-BE2D-94D2C36681E9} = {3BFAD98E-0BDC-446F-8E94-59AFEAB4EE26}
		{39F307B8-5EA9-4DA2-A01C-BE7BCFB7D6C4} = {57ECAD25-4C41-413B-A990-A92025FD0539}
		{415A387B-CAA1-453C-9C2F-EAAF8094859E} = {31F89327-442A-4A8A-90FE-144656FFCDC2}
		{E76DB861-9CF7-4CF2-A077-78AA9E5F5303} = {42D7A9D1-C70F-465D-BA4C-499C2B00253C}
		{D450380B-CD03-456C-B874-4639827A617C} = {C3338E8B-9734-47AC-BCCB-CC3A90471B49}
		{0964A040-594D-4CDF-848A-4B23E013FBE4} = {C3338E8B-9734-47AC-BCCB-CC3A90471B49}
		{0AE036AA-0CBE-4323-90D0-6D6F366436C8} = {C3338E8B-9734-47AC-BCCB-CC3A90471B49}
		{FC2B58DF-F226-4714-9798-299876818C65} = {42D7A9D1-C70F-465D-BA4C-499C2B00253C}
		{E981104E-9040-431C-823D-8E9EB680778D} = {42D7A9D1-C70F-465D-BA4C-499C2B00253C}
		{CC5604E8-E75A-4BFF-8139-8F60C647E863} = {42D7A9D1-C70F-465D-BA4C-499C2B00253C}
		{47C579B4-D2BA-4E3F-B091-11AD2E82A876} = {42D7A9D1-C70F-465D-BA4C-499C2B00253C}
		{94683E2F-0DBB-4D07-8549-A0BC062DDE14} = {ECBEAAAD-B23D-4E58-AB5E-41A0A79DB693}
		{E3A486E2-6917-49A7-BD27-6E7E52C646E9} = {ECBEAAAD-B23D-4E58-AB5E-41A0A79DB693}
		{D2ED27AE-3961-4BB3-80F1-C997831181B7} = {814E1BDD-FF58-4E10-AD8B-452227CB14DC}
	EndGlobalSection
	GlobalSection(ExtensibilityGlobals) = postSolution
		SolutionGuid = {EAD62CEA-0AC2-4197-8586-F3F174B99359}
	EndGlobalSection
EndGlobal
